
Microsoft Visual Studio Solution File, Format Version 12.00
# Visual Studio Version 17
VisualStudioVersion = 17.3.32922.545
MinimumVisualStudioVersion = 10.0.40219.1
Project("{FAE04EC0-301F-11D3-BF4B-00C04F79EFBC}") = "Obrazki", "Obrazki.csproj", "{EF16F6DE-1DA6-42A2-AAB6-5B0E823F2728}"
EndProject
Global
	GlobalSection(SolutionConfigurationPlatforms) = preSolution
		Debug|Any CPU = Debug|Any CPU
		Release|Any CPU = Release|Any CPU
	EndGlobalSection
	GlobalSection(ProjectConfigurationPlatforms) = postSolution
		{EF16F6DE-1DA6-42A2-AAB6-5B0E823F2728}.Debug|Any CPU.ActiveCfg = Debug|Any CPU
		{EF16F6DE-1DA6-42A2-AAB6-5B0E823F2728}.Debug|Any CPU.Build.0 = Debug|Any CPU
		{EF16F6DE-1DA6-42A2-AAB6-5B0E823F2728}.Release|Any CPU.ActiveCfg = Release|Any CPU
		{EF16F6DE-1DA6-42A2-AAB6-5B0E823F2728}.Release|Any CPU.Build.0 = Release|Any CPU
	EndGlobalSection
	GlobalSection(SolutionProperties) = preSolution
		HideSolutionNode = FALSE
	EndGlobalSection
	GlobalSection(ExtensibilityGlobals) = postSolution
		SolutionGuid = {7CC61011-9D87-4970-B004-B06228EAB831}
	EndGlobalSection
EndGlobal
